
Microsoft Visual Studio Solution File, Format Version 12.00
# Visual Studio Version 17
VisualStudioVersion = 17.14.36414.22
MinimumVisualStudioVersion = 10.0.40219.1
Project("{FAE04EC0-301F-11D3-BF4B-00C04F79EFBC}") = "cmcs", "cmcs\cmcs.csproj", "{AA3F39CB-B598-49E8-B5FA-1C5DEE9EA507}"
EndProject
Project("{FAE04EC0-301F-11D3-BF4B-00C04F79EFBC}") = "cmcs.Tests", "cmcs.Tests\cmcs.Tests.csproj", "{AB3569CB-6A63-440E-B7FB-35B07EFF6139}"
EndProject
Global
	GlobalSection(SolutionConfigurationPlatforms) = preSolution
		Debug|Any CPU = Debug|Any CPU
		Release|Any CPU = Release|Any CPU
	EndGlobalSection
	GlobalSection(ProjectConfigurationPlatforms) = postSolution
		{AA3F39CB-B598-49E8-B5FA-1C5DEE9EA507}.Debug|Any CPU.ActiveCfg = Debug|Any CPU
		{AA3F39CB-B598-49E8-B5FA-1C5DEE9EA507}.Debug|Any CPU.Build.0 = Debug|Any CPU
		{AA3F39CB-B598-49E8-B5FA-1C5DEE9EA507}.Release|Any CPU.ActiveCfg = Release|Any CPU
		{AA3F39CB-B598-49E8-B5FA-1C5DEE9EA507}.Release|Any CPU.Build.0 = Release|Any CPU
		{AB3569CB-6A63-440E-B7FB-35B07EFF6139}.Debug|Any CPU.ActiveCfg = Debug|Any CPU
		{AB3569CB-6A63-440E-B7FB-35B07EFF6139}.Debug|Any CPU.Build.0 = Debug|Any CPU
		{AB3569CB-6A63-440E-B7FB-35B07EFF6139}.Release|Any CPU.ActiveCfg = Release|Any CPU
		{AB3569CB-6A63-440E-B7FB-35B07EFF6139}.Release|Any CPU.Build.0 = Release|Any CPU
	EndGlobalSection
	GlobalSection(SolutionProperties) = preSolution
		HideSolutionNode = FALSE
	EndGlobalSection
	GlobalSection(ExtensibilityGlobals) = postSolution
		SolutionGuid = {1797F35D-5E84-47EA-97E6-EF82775BA116}
	EndGlobalSection
EndGlobal
